
Microsoft Visual Studio Solution File, Format Version 12.00
# Visual Studio Version 17
VisualStudioVersion = 17.10.35122.118
MinimumVisualStudioVersion = 10.0.40219.1
Project("{FAE04EC0-301F-11D3-BF4B-00C04F79EFBC}") = "Compny.Web", "Compny.Web\Compny.Web.csproj", "{07FB0F31-6191-4CFE-8D9E-2D80F1D360A7}"
EndProject
Project("{FAE04EC0-301F-11D3-BF4B-00C04F79EFBC}") = "Compant.Data", "Data.Models\Compant.Data.csproj", "{9B5B0D62-4451-4CFA-A7B9-E71611FC7ADF}"
EndProject
Project("{FAE04EC0-301F-11D3-BF4B-00C04F79EFBC}") = "Company.Repository", "Company.Repository\Company.Repository.csproj", "{4E14DCB1-1ED1-4129-8BDE-39E1A6FC4D63}"
EndProject
Project("{FAE04EC0-301F-11D3-BF4B-00C04F79EFBC}") = "Company.Service", "Company.Service\Company.Service.csproj", "{20983E54-6830-4D49-ABC0-02691790E55B}"
EndProject
Global
	GlobalSection(SolutionConfigurationPlatforms) = preSolution
		Debug|Any CPU = Debug|Any CPU
		Release|Any CPU = Release|Any CPU
	EndGlobalSection
	GlobalSection(ProjectConfigurationPlatforms) = postSolution
		{07FB0F31-6191-4CFE-8D9E-2D80F1D360A7}.Debug|Any CPU.ActiveCfg = Debug|Any CPU
		{07FB0F31-6191-4CFE-8D9E-2D80F1D360A7}.Debug|Any CPU.Build.0 = Debug|Any CPU
		{07FB0F31-6191-4CFE-8D9E-2D80F1D360A7}.Release|Any CPU.ActiveCfg = Release|Any CPU
		{07FB0F31-6191-4CFE-8D9E-2D80F1D360A7}.Release|Any CPU.Build.0 = Release|Any CPU
		{9B5B0D62-4451-4CFA-A7B9-E71611FC7ADF}.Debug|Any CPU.ActiveCfg = Debug|Any CPU
		{9B5B0D62-4451-4CFA-A7B9-E71611FC7ADF}.Debug|Any CPU.Build.0 = Debug|Any CPU
		{9B5B0D62-4451-4CFA-A7B9-E71611FC7ADF}.Release|Any CPU.ActiveCfg = Release|Any CPU
		{9B5B0D62-4451-4CFA-A7B9-E71611FC7ADF}.Release|Any CPU.Build.0 = Release|Any CPU
		{4E14DCB1-1ED1-4129-8BDE-39E1A6FC4D63}.Debug|Any CPU.ActiveCfg = Debug|Any CPU
		{4E14DCB1-1ED1-4129-8BDE-39E1A6FC4D63}.Debug|Any CPU.Build.0 = Debug|Any CPU
		{4E14DCB1-1ED1-4129-8BDE-39E1A6FC4D63}.Release|Any CPU.ActiveCfg = Release|Any CPU
		{4E14DCB1-1ED1-4129-8BDE-39E1A6FC4D63}.Release|Any CPU.Build.0 = Release|Any CPU
		{20983E54-6830-4D49-ABC0-02691790E55B}.Debug|Any CPU.ActiveCfg = Debug|Any CPU
		{20983E54-6830-4D49-ABC0-02691790E55B}.Debug|Any CPU.Build.0 = Debug|Any CPU
		{20983E54-6830-4D49-ABC0-02691790E55B}.Release|Any CPU.ActiveCfg = Release|Any CPU
		{20983E54-6830-4D49-ABC0-02691790E55B}.Release|Any CPU.Build.0 = Release|Any CPU
	EndGlobalSection
	GlobalSection(SolutionProperties) = preSolution
		HideSolutionNode = FALSE
	EndGlobalSection
	GlobalSection(ExtensibilityGlobals) = postSolution
		SolutionGuid = {17F9F325-B45D-46C4-9D1E-7A5B70546E79}
	EndGlobalSection
EndGlobal
